
Microsoft Visual Studio Solution File, Format Version 12.00
# Visual Studio Version 16
VisualStudioVersion = 16.0.31702.278
MinimumVisualStudioVersion = 10.0.40219.1
Project("{FAE04EC0-301F-11D3-BF4B-00C04F79EFBC}") = "InventorySystem", "InventorySystem\InventorySystem.csproj", "{B251C3D3-24A7-4DDE-9909-EC931BE26682}"
EndProject
Global
	GlobalSection(SolutionConfigurationPlatforms) = preSolution
		Debug|Any CPU = Debug|Any CPU
		Release|Any CPU = Release|Any CPU
	EndGlobalSection
	GlobalSection(ProjectConfigurationPlatforms) = postSolution
		{B251C3D3-24A7-4DDE-9909-EC931BE26682}.Debug|Any CPU.ActiveCfg = Debug|Any CPU
		{B251C3D3-24A7-4DDE-9909-EC931BE26682}.Debug|Any CPU.Build.0 = Debug|Any CPU
		{B251C3D3-24A7-4DDE-9909-EC931BE26682}.Release|Any CPU.ActiveCfg = Release|Any CPU
		{B251C3D3-24A7-4DDE-9909-EC931BE26682}.Release|Any CPU.Build.0 = Release|Any CPU
	EndGlobalSection
	GlobalSection(SolutionProperties) = preSolution
		HideSolutionNode = FALSE
	EndGlobalSection
	GlobalSection(ExtensibilityGlobals) = postSolution
		SolutionGuid = {72D772E3-3079-4E22-8905-12E2E7784CE2}
	EndGlobalSection
EndGlobal
